
Microsoft Visual Studio Solution File, Format Version 12.00
# Visual Studio Version 16
VisualStudioVersion = 16.0.810.18
MinimumVisualStudioVersion = 10.0.40219.1
Project("{FAE04EC0-301F-11D3-BF4B-00C04F79EFBC}") = "Login-Register", "Login-Register\Login-Register.csproj", "{1FFCBBA1-E2A9-4275-AB78-D2717F1AFC0F}"
EndProject
Global
	GlobalSection(SolutionConfigurationPlatforms) = preSolution
		Debug|Any CPU = Debug|Any CPU
		Release|Any CPU = Release|Any CPU
	EndGlobalSection
	GlobalSection(ProjectConfigurationPlatforms) = postSolution
		{1FFCBBA1-E2A9-4275-AB78-D2717F1AFC0F}.Debug|Any CPU.ActiveCfg = Debug|Any CPU
		{1FFCBBA1-E2A9-4275-AB78-D2717F1AFC0F}.Debug|Any CPU.Build.0 = Debug|Any CPU
		{1FFCBBA1-E2A9-4275-AB78-D2717F1AFC0F}.Release|Any CPU.ActiveCfg = Release|Any CPU
		{1FFCBBA1-E2A9-4275-AB78-D2717F1AFC0F}.Release|Any CPU.Build.0 = Release|Any CPU
	EndGlobalSection
	GlobalSection(SolutionProperties) = preSolution
		HideSolutionNode = FALSE
	EndGlobalSection
	GlobalSection(ExtensibilityGlobals) = postSolution
		SolutionGuid = {6DB27907-1FF1-4B00-997A-BFF044BA166C}
	EndGlobalSection
EndGlobal
